{
  "name": "lab-07",
  "lockfileVersion": 3,
  "requires": true,
  "packages": {
    "": {
      "dependencies": {
        "chromadb": "^3.3.3",
        "dotenv": "^17.3.1",
        "openai": "^6.27.0"
      }
    },
    "node_modules/chromadb": {
      "version": "3.3.3",
      "resolved": "https://registry.npmjs.org/chromadb/-/chromadb-3.3.3.tgz",
      "integrity": "sha512-PXrbiDn8Q34fA1ot8G9oT8iwIbAFasBNCEr2KDLNfNTARIjKV7D5LAbBJSUQWTKMwLADuFXclUYvTDozfhSMZQ==",
      "license": "Apache-2.0",
      "dependencies": {
        "semver": "^7.7.1"
      },
      "bin": {
        "chroma": "dist/cli.mjs"
      },
      "engines": {
        "node": ">=20"
      },
      "optionalDependencies": {
        "chromadb-js-bindings-darwin-arm64": "^1.3.1",
        "chromadb-js-bindings-darwin-x64": "^1.3.1",
        "chromadb-js-bindings-linux-arm64-gnu": "^1.3.1",
        "chromadb-js-bindings-linux-x64-gnu": "^1.3.1",
        "chromadb-js-bindings-win32-x64-msvc": "^1.3.1"
      }
    },
    "node_modules/chromadb-js-bindings-darwin-arm64": {
      "version": "1.3.1",
      "resolved": "https://registry.npmjs.org/chromadb-js-bindings-darwin-arm64/-/chromadb-js-bindings-darwin-arm64-1.3.1.tgz",
      "integrity": "sha512-MMo+TX8tRrhy/0KGrA30kVTZ+EwrRoXRSQA7EGLuKW6FTEVX7hbF5l0EFWgDTw6YPX/KY2ySYNQH3VFwRyxYFA==",
      "cpu": [
        "arm64"
      ],
      "license": "MIT",
      "optional": true,
      "os": [
        "darwin"
      ],
      "engines": {
        "node": ">= 10"
      }
    },
    "node_modules/chromadb-js-bindings-darwin-x64": {
      "version": "1.3.1",
      "resolved": "https://registry.npmjs.org/chromadb-js-bindings-darwin-x64/-/chromadb-js-bindings-darwin-x64-1.3.1.tgz",
      "integrity": "sha512-zboZ29wtP7vrevfYhNXFToSM9sTaXP+KALYF4B6wJNp4jymBRSAzhAsHBrVmAJQxgPEJatoODAWqsVxaGLYkog==",
      "cpu": [
        "x64"
      ],
      "license": "MIT",
      "optional": true,
      "os": [
        "darwin"
      ],
      "engines": {
        "node": ">= 10"
      }
    },
    "node_modules/chromadb-js-bindings-linux-arm64-gnu": {
      "version": "1.3.1",
      "resolved": "https://registry.npmjs.org/chromadb-js-bindings-linux-arm64-gnu/-/chromadb-js-bindings-linux-arm64-gnu-1.3.1.tgz",
      "integrity": "sha512-JPzoIy5vb4Gzu7kZnCkcMtsv+HPx/LWBFu72IDbnkUp8UleNyXup7fVX/tUvwHq+OPtj7ZB4YWwiP3SzKIWEgA==",
      "cpu": [
        "arm64"
      ],
      "license": "MIT",
      "optional": true,
      "os": [
        "linux"
      ],
      "engines": {
        "node": ">= 10"
      }
    },
    "node_modules/chromadb-js-bindings-linux-x64-gnu": {
      "version": "1.3.1",
      "resolved": "https://registry.npmjs.org/chromadb-js-bindings-linux-x64-gnu/-/chromadb-js-bindings-linux-x64-gnu-1.3.1.tgz",
      "integrity": "sha512-nQvVhmHs2XXbzA+Xka8A4UMiyMlk86AFmiy1Pt+kzQkuJT5vOMKOcgJW/Nh2m0CtEjkzvj4Mxr2/31BiLil7Hg==",
      "cpu": [
        "x64"
      ],
      "license": "MIT",
      "optional": true,
      "os": [
        "linux"
      ],
      "engines": {
        "node": ">= 10"
      }
    },
    "node_modules/chromadb-js-bindings-win32-x64-msvc": {
      "version": "1.3.1",
      "resolved": "https://registry.npmjs.org/chromadb-js-bindings-win32-x64-msvc/-/chromadb-js-bindings-win32-x64-msvc-1.3.1.tgz",
      "integrity": "sha512-3B3WwT1aM9vxFZBqlDgnA+R025b8pOudGM4hEZTmxV2rHND3Hn7C87mQO5WsUMarOUmX4Sd1NlhC2ANKCIWfLw==",
      "cpu": [
        "x64"
      ],
      "license": "MIT",
      "optional": true,
      "os": [
        "win32"
      ],
      "engines": {
        "node": ">= 10"
      }
    },
    "node_modules/dotenv": {
      "version": "17.3.1",
      "resolved": "https://registry.npmjs.org/dotenv/-/dotenv-17.3.1.tgz",
      "integrity": "sha512-IO8C/dzEb6O3F9/twg6ZLXz164a2fhTnEWb95H23Dm4OuN+92NmEAlTrupP9VW6Jm3sO26tQlqyvyi4CsnY9GA==",
      "license": "BSD-2-Clause",
      "engines": {
        "node": ">=12"
      },
      "funding": {
        "url": "https://dotenvx.com"
      }
    },
    "node_modules/openai": {
      "version": "6.27.0",
      "resolved": "https://registry.npmjs.org/openai/-/openai-6.27.0.tgz",
      "integrity": "sha512-osTKySlrdYrLYTt0zjhY8yp0JUBmWDCN+Q+QxsV4xMQnnoVFpylgKGgxwN8sSdTNw0G4y+WUXs4eCMWpyDNWZQ==",
      "license": "Apache-2.0",
      "bin": {
        "openai": "bin/cli"
      },
      "peerDependencies": {
        "ws": "^8.18.0",
        "zod": "^3.25 || ^4.0"
      },
      "peerDependenciesMeta": {
        "ws": {
          "optional": true
        },
        "zod": {
          "optional": true
        }
      }
    },
    "node_modules/semver": {
      "version": "7.7.4",
      "resolved": "https://registry.npmjs.org/semver/-/semver-7.7.4.tgz",
      "integrity": "sha512-vFKC2IEtQnVhpT78h1Yp8wzwrf8CM+MzKMHGJZfBtzhZNycRFnXsHk6E5TxIkkMsgNS7mdX3AGB7x2QM2di4lA==",
      "license": "ISC",
      "bin": {
        "semver": "bin/semver.js"
      },
      "engines": {
        "node": ">=10"
      }
    }
  }
}
